// !$*UTF8*$!
{
	archiveVersion = 1;
	classes = {
	};
	objectVersion = 50;
	objects = {

/* Begin PBXGroup section */
		B623B9D521DC4CB300D16037 = {
			isa = PBXGroup;
			children = (
			);
			sourceTree = "<group>";
		};
/* End PBXGroup section */

/* Begin PBXProject section */
		B623B9D621DC4CB300D16037 /* Project object */ = {
			isa = PBXProject;
			attributes = {
				LastUpgradeCheck = 1010;
			};
			buildConfigurationList = B623B9D921DC4CB300D16037 /* Build configuration list for PBXProject "chaining_mac" */;
			compatibilityVersion = "Xcode 9.3";
			developmentRegion = en;
			hasScannedForEncodings = 0;
			knownRegions = (
				en,
			);
			mainGroup = B623B9D521DC4CB300D16037;
			projectDirPath = "";
			projectRoot = "";
			targets = (
			);
		};
/* End PBXProject section */

/* Begin XCBuildConfiguration section */
		B623B9DA21DC4CB300D16037 /* Debug */ = {
			isa = XCBuildConfiguration;
			buildSettings = {
			};
			name = Debug;
		};
		B623B9DB21DC4CB300D16037 /* Release */ = {
			isa = XCBuildConfiguration;
			buildSettings = {
			};
			name = Release;
		};
/* End XCBuildConfiguration section */

/* Begin XCConfigurationList section */
		B623B9D921DC4CB300D16037 /* Build configuration list for PBXProject "chaining_mac" */ = {
			isa = XCConfigurationList;
			buildConfigurations = (
				B623B9DA21DC4CB300D16037 /* Debug */,
				B623B9DB21DC4CB300D16037 /* Release */,
			);
			defaultConfigurationIsVisible = 0;
			defaultConfigurationName = Release;
		};
/* End XCConfigurationList section */
	};
	rootObject = B623B9D621DC4CB300D16037 /* Project object */;
}
