// !$*UTF8*$!
{
	archiveVersion = 1;
	classes = {
	};
	objectVersion = 50;
	objects = {

/* Begin PBXBuildFile section */
		B608F0B621194162000A17BD /* yas_any.cpp in Sources */ = {isa = PBXBuildFile; fileRef = B608F0B421194162000A17BD /* yas_any.cpp */; };
		B67438C2211E6BCF0015E7D6 /* yas_chaining_utils_tests.mm in Sources */ = {isa = PBXBuildFile; fileRef = B67438BC211E6BCF0015E7D6 /* yas_chaining_utils_tests.mm */; };
		B67438C3211E6BCF0015E7D6 /* yas_holder_tests.mm in Sources */ = {isa = PBXBuildFile; fileRef = B67438BD211E6BCF0015E7D6 /* yas_holder_tests.mm */; };
		B67438C5211E6BCF0015E7D6 /* yas_notifier_tests.mm in Sources */ = {isa = PBXBuildFile; fileRef = B67438BF211E6BCF0015E7D6 /* yas_notifier_tests.mm */; };
		B67438C6211E6BCF0015E7D6 /* yas_chaining_tests.mm in Sources */ = {isa = PBXBuildFile; fileRef = B67438C0211E6BCF0015E7D6 /* yas_chaining_tests.mm */; };
		B67438C7211E6BCF0015E7D6 /* yas_fetcher_tests.mm in Sources */ = {isa = PBXBuildFile; fileRef = B67438C1211E6BCF0015E7D6 /* yas_fetcher_tests.mm */; };
		B67438C8211E6C8C0015E7D6 /* yas_base.cpp in Sources */ = {isa = PBXBuildFile; fileRef = B608F09821193F7E000A17BD /* yas_base.cpp */; };
		B67438C9211E6C900015E7D6 /* yas_protocol.cpp in Sources */ = {isa = PBXBuildFile; fileRef = B608F09C21193F93000A17BD /* yas_protocol.cpp */; };
/* End PBXBuildFile section */

/* Begin PBXFileReference section */
		B608F09721193F7E000A17BD /* yas_base.h */ = {isa = PBXFileReference; fileEncoding = 4; lastKnownFileType = sourcecode.c.h; path = yas_base.h; sourceTree = "<group>"; };
		B608F09821193F7E000A17BD /* yas_base.cpp */ = {isa = PBXFileReference; fileEncoding = 4; lastKnownFileType = sourcecode.cpp.cpp; path = yas_base.cpp; sourceTree = "<group>"; };
		B608F09921193F7E000A17BD /* yas_base_private.h */ = {isa = PBXFileReference; fileEncoding = 4; lastKnownFileType = sourcecode.c.h; path = yas_base_private.h; sourceTree = "<group>"; };
		B608F09B21193F93000A17BD /* yas_protocol_private.h */ = {isa = PBXFileReference; fileEncoding = 4; lastKnownFileType = sourcecode.c.h; path = yas_protocol_private.h; sourceTree = "<group>"; };
		B608F09C21193F93000A17BD /* yas_protocol.cpp */ = {isa = PBXFileReference; fileEncoding = 4; lastKnownFileType = sourcecode.cpp.cpp; path = yas_protocol.cpp; sourceTree = "<group>"; };
		B608F09D21193F93000A17BD /* yas_protocol.h */ = {isa = PBXFileReference; fileEncoding = 4; lastKnownFileType = sourcecode.c.h; path = yas_protocol.h; sourceTree = "<group>"; };
		B608F0A021193FD1000A17BD /* yas_chaining_chain_private.h */ = {isa = PBXFileReference; fileEncoding = 4; lastKnownFileType = sourcecode.c.h; path = yas_chaining_chain_private.h; sourceTree = "<group>"; };
		B608F0A221193FD1000A17BD /* yas_chaining_utils.h */ = {isa = PBXFileReference; fileEncoding = 4; lastKnownFileType = sourcecode.c.h; path = yas_chaining_utils.h; sourceTree = "<group>"; };
		B608F0A321193FD1000A17BD /* yas_chaining_chain.h */ = {isa = PBXFileReference; fileEncoding = 4; lastKnownFileType = sourcecode.c.h; path = yas_chaining_chain.h; sourceTree = "<group>"; };
		B608F0A421194005000A17BD /* yas_fast_each.h */ = {isa = PBXFileReference; fileEncoding = 4; lastKnownFileType = sourcecode.c.h; path = yas_fast_each.h; sourceTree = "<group>"; };
		B608F0A521194005000A17BD /* yas_fast_each_private.h */ = {isa = PBXFileReference; fileEncoding = 4; lastKnownFileType = sourcecode.c.h; path = yas_fast_each_private.h; sourceTree = "<group>"; };
		B608F0A621194014000A17BD /* yas_type_traits.h */ = {isa = PBXFileReference; fileEncoding = 4; lastKnownFileType = sourcecode.c.h; path = yas_type_traits.h; sourceTree = "<group>"; };
		B608F0AB211940A0000A17BD /* chaining_test_mac.xctest */ = {isa = PBXFileReference; explicitFileType = wrapper.cfbundle; includeInIndex = 0; path = chaining_test_mac.xctest; sourceTree = BUILT_PRODUCTS_DIR; };
		B608F0AF211940A0000A17BD /* Info.plist */ = {isa = PBXFileReference; lastKnownFileType = text.plist.xml; path = Info.plist; sourceTree = "<group>"; };
		B608F0B321194162000A17BD /* yas_any_private.h */ = {isa = PBXFileReference; fileEncoding = 4; lastKnownFileType = sourcecode.c.h; path = yas_any_private.h; sourceTree = "<group>"; };
		B608F0B421194162000A17BD /* yas_any.cpp */ = {isa = PBXFileReference; fileEncoding = 4; lastKnownFileType = sourcecode.cpp.cpp; path = yas_any.cpp; sourceTree = "<group>"; };
		B608F0B521194162000A17BD /* yas_any.h */ = {isa = PBXFileReference; fileEncoding = 4; lastKnownFileType = sourcecode.c.h; path = yas_any.h; sourceTree = "<group>"; };
		B608F0B721194174000A17BD /* yas_types.h */ = {isa = PBXFileReference; lastKnownFileType = sourcecode.c.h; path = yas_types.h; sourceTree = "<group>"; };
		B6530872211EC6E200D2C655 /* yas_chaining_holder.h */ = {isa = PBXFileReference; lastKnownFileType = sourcecode.c.h; path = yas_chaining_holder.h; sourceTree = "<group>"; };
		B6530873211EC6F100D2C655 /* yas_chaining_holder_private.h */ = {isa = PBXFileReference; lastKnownFileType = sourcecode.c.h; path = yas_chaining_holder_private.h; sourceTree = "<group>"; };
		B6530874211ECBA500D2C655 /* yas_chaining_fetcher.h */ = {isa = PBXFileReference; lastKnownFileType = sourcecode.c.h; path = yas_chaining_fetcher.h; sourceTree = "<group>"; };
		B6530875211ECBB000D2C655 /* yas_chaining_fetcher_private.h */ = {isa = PBXFileReference; lastKnownFileType = sourcecode.c.h; path = yas_chaining_fetcher_private.h; sourceTree = "<group>"; };
		B6530876211ECCBB00D2C655 /* yas_chaining_notifier.h */ = {isa = PBXFileReference; lastKnownFileType = sourcecode.c.h; path = yas_chaining_notifier.h; sourceTree = "<group>"; };
		B6530877211ECCC600D2C655 /* yas_chaining_notifier_private.h */ = {isa = PBXFileReference; lastKnownFileType = sourcecode.c.h; path = yas_chaining_notifier_private.h; sourceTree = "<group>"; };
		B6530878211ED27200D2C655 /* yas_chaining_observer.h */ = {isa = PBXFileReference; lastKnownFileType = sourcecode.c.h; path = yas_chaining_observer.h; sourceTree = "<group>"; };
		B6530879211ED27D00D2C655 /* yas_chaining_observer_private.h */ = {isa = PBXFileReference; lastKnownFileType = sourcecode.c.h; path = yas_chaining_observer_private.h; sourceTree = "<group>"; };
		B653087A211EFA4200D2C655 /* yas_chaining_receiver.h */ = {isa = PBXFileReference; lastKnownFileType = sourcecode.c.h; path = yas_chaining_receiver.h; sourceTree = "<group>"; };
		B653087B211EFA4E00D2C655 /* yas_chaining_receiver_private.h */ = {isa = PBXFileReference; lastKnownFileType = sourcecode.c.h; path = yas_chaining_receiver_private.h; sourceTree = "<group>"; };
		B653087C211EFC9B00D2C655 /* yas_chaining_sender.h */ = {isa = PBXFileReference; lastKnownFileType = sourcecode.c.h; path = yas_chaining_sender.h; sourceTree = "<group>"; };
		B653087D211EFCA800D2C655 /* yas_chaining_sender_private.h */ = {isa = PBXFileReference; lastKnownFileType = sourcecode.c.h; path = yas_chaining_sender_private.h; sourceTree = "<group>"; };
		B6530880211F062700D2C655 /* yas_chaining.h */ = {isa = PBXFileReference; lastKnownFileType = sourcecode.c.h; path = yas_chaining.h; sourceTree = "<group>"; };
		B6530884212027F800D2C655 /* yas_chaining_receiver_protocol_private.h */ = {isa = PBXFileReference; lastKnownFileType = sourcecode.c.h; path = yas_chaining_receiver_protocol_private.h; sourceTree = "<group>"; };
		B65308852121201200D2C655 /* yas_chaining_joint_private.h */ = {isa = PBXFileReference; lastKnownFileType = sourcecode.c.h; path = yas_chaining_joint_private.h; sourceTree = "<group>"; };
		B6530886212120B300D2C655 /* yas_chaining_joint.h */ = {isa = PBXFileReference; lastKnownFileType = sourcecode.c.h; path = yas_chaining_joint.h; sourceTree = "<group>"; };
		B65308872121227500D2C655 /* yas_chaining_sender_protocol.h */ = {isa = PBXFileReference; lastKnownFileType = sourcecode.c.h; path = yas_chaining_sender_protocol.h; sourceTree = "<group>"; };
		B6530888212131D600D2C655 /* yas_chaining_receiver_protocol.h */ = {isa = PBXFileReference; lastKnownFileType = sourcecode.c.h; path = yas_chaining_receiver_protocol.h; sourceTree = "<group>"; };
		B67438BC211E6BCF0015E7D6 /* yas_chaining_utils_tests.mm */ = {isa = PBXFileReference; fileEncoding = 4; lastKnownFileType = sourcecode.cpp.objcpp; path = yas_chaining_utils_tests.mm; sourceTree = "<group>"; };
		B67438BD211E6BCF0015E7D6 /* yas_holder_tests.mm */ = {isa = PBXFileReference; fileEncoding = 4; lastKnownFileType = sourcecode.cpp.objcpp; path = yas_holder_tests.mm; sourceTree = "<group>"; };
		B67438BF211E6BCF0015E7D6 /* yas_notifier_tests.mm */ = {isa = PBXFileReference; fileEncoding = 4; lastKnownFileType = sourcecode.cpp.objcpp; path = yas_notifier_tests.mm; sourceTree = "<group>"; };
		B67438C0211E6BCF0015E7D6 /* yas_chaining_tests.mm */ = {isa = PBXFileReference; fileEncoding = 4; lastKnownFileType = sourcecode.cpp.objcpp; path = yas_chaining_tests.mm; sourceTree = "<group>"; };
		B67438C1211E6BCF0015E7D6 /* yas_fetcher_tests.mm */ = {isa = PBXFileReference; fileEncoding = 4; lastKnownFileType = sourcecode.cpp.objcpp; path = yas_fetcher_tests.mm; sourceTree = "<group>"; };
		B6A5A1F3212117D500F86C29 /* yas_chaining_sender_protocol_private.h */ = {isa = PBXFileReference; lastKnownFileType = sourcecode.c.h; path = yas_chaining_sender_protocol_private.h; sourceTree = "<group>"; };
/* End PBXFileReference section */

/* Begin PBXFrameworksBuildPhase section */
		B608F0A8211940A0000A17BD /* Frameworks */ = {
			isa = PBXFrameworksBuildPhase;
			buildActionMask = 2147483647;
			files = (
			);
			runOnlyForDeploymentPostprocessing = 0;
		};
/* End PBXFrameworksBuildPhase section */

/* Begin PBXGroup section */
		B608F03121193EF9000A17BD = {
			isa = PBXGroup;
			children = (
				B608F04521193F65000A17BD /* cpp_utils */,
				B608F09F21193FD1000A17BD /* chaining */,
				B608F0AC211940A0000A17BD /* chaining_test_mac */,
				B608F03D21193F23000A17BD /* Products */,
			);
			sourceTree = "<group>";
		};
		B608F03D21193F23000A17BD /* Products */ = {
			isa = PBXGroup;
			children = (
				B608F0AB211940A0000A17BD /* chaining_test_mac.xctest */,
			);
			name = Products;
			sourceTree = "<group>";
		};
		B608F04521193F65000A17BD /* cpp_utils */ = {
			isa = PBXGroup;
			children = (
				B608F09921193F7E000A17BD /* yas_base_private.h */,
				B608F09821193F7E000A17BD /* yas_base.cpp */,
				B608F09721193F7E000A17BD /* yas_base.h */,
				B608F09B21193F93000A17BD /* yas_protocol_private.h */,
				B608F09C21193F93000A17BD /* yas_protocol.cpp */,
				B608F09D21193F93000A17BD /* yas_protocol.h */,
				B608F0A521194005000A17BD /* yas_fast_each_private.h */,
				B608F0A421194005000A17BD /* yas_fast_each.h */,
				B608F0A621194014000A17BD /* yas_type_traits.h */,
				B608F0B321194162000A17BD /* yas_any_private.h */,
				B608F0B421194162000A17BD /* yas_any.cpp */,
				B608F0B521194162000A17BD /* yas_any.h */,
				B608F0B721194174000A17BD /* yas_types.h */,
			);
			name = cpp_utils;
			path = ../submodules/cpp_utils/cpp_utils;
			sourceTree = "<group>";
		};
		B608F09F21193FD1000A17BD /* chaining */ = {
			isa = PBXGroup;
			children = (
				B608F0A021193FD1000A17BD /* yas_chaining_chain_private.h */,
				B608F0A321193FD1000A17BD /* yas_chaining_chain.h */,
				B6530884212027F800D2C655 /* yas_chaining_receiver_protocol_private.h */,
				B6530888212131D600D2C655 /* yas_chaining_receiver_protocol.h */,
				B6530875211ECBB000D2C655 /* yas_chaining_fetcher_private.h */,
				B6530874211ECBA500D2C655 /* yas_chaining_fetcher.h */,
				B6530873211EC6F100D2C655 /* yas_chaining_holder_private.h */,
				B6530872211EC6E200D2C655 /* yas_chaining_holder.h */,
				B6530877211ECCC600D2C655 /* yas_chaining_notifier_private.h */,
				B6530876211ECCBB00D2C655 /* yas_chaining_notifier.h */,
				B6530879211ED27D00D2C655 /* yas_chaining_observer_private.h */,
				B6530878211ED27200D2C655 /* yas_chaining_observer.h */,
				B653087B211EFA4E00D2C655 /* yas_chaining_receiver_private.h */,
				B653087A211EFA4200D2C655 /* yas_chaining_receiver.h */,
				B653087D211EFCA800D2C655 /* yas_chaining_sender_private.h */,
				B653087C211EFC9B00D2C655 /* yas_chaining_sender.h */,
				B65308872121227500D2C655 /* yas_chaining_sender_protocol.h */,
				B6A5A1F3212117D500F86C29 /* yas_chaining_sender_protocol_private.h */,
				B608F0A221193FD1000A17BD /* yas_chaining_utils.h */,
				B6530880211F062700D2C655 /* yas_chaining.h */,
				B65308852121201200D2C655 /* yas_chaining_joint_private.h */,
				B6530886212120B300D2C655 /* yas_chaining_joint.h */,
			);
			name = chaining;
			path = ../chaining;
			sourceTree = "<group>";
		};
		B608F0AC211940A0000A17BD /* chaining_test_mac */ = {
			isa = PBXGroup;
			children = (
				B608F0AF211940A0000A17BD /* Info.plist */,
				B67438C0211E6BCF0015E7D6 /* yas_chaining_tests.mm */,
				B67438BC211E6BCF0015E7D6 /* yas_chaining_utils_tests.mm */,
				B67438C1211E6BCF0015E7D6 /* yas_fetcher_tests.mm */,
				B67438BD211E6BCF0015E7D6 /* yas_holder_tests.mm */,
				B67438BF211E6BCF0015E7D6 /* yas_notifier_tests.mm */,
			);
			path = chaining_test_mac;
			sourceTree = "<group>";
		};
/* End PBXGroup section */

/* Begin PBXNativeTarget section */
		B608F0AA211940A0000A17BD /* chaining_test_mac */ = {
			isa = PBXNativeTarget;
			buildConfigurationList = B608F0B0211940A0000A17BD /* Build configuration list for PBXNativeTarget "chaining_test_mac" */;
			buildPhases = (
				B608F0B8211942B1000A17BD /* ShellScript */,
				B608F0A7211940A0000A17BD /* Sources */,
				B608F0A8211940A0000A17BD /* Frameworks */,
				B608F0A9211940A0000A17BD /* Resources */,
			);
			buildRules = (
			);
			dependencies = (
			);
			name = chaining_test_mac;
			productName = chaining_test_mac;
			productReference = B608F0AB211940A0000A17BD /* chaining_test_mac.xctest */;
			productType = "com.apple.product-type.bundle.unit-test";
		};
/* End PBXNativeTarget section */

/* Begin PBXProject section */
		B608F03221193EF9000A17BD /* Project object */ = {
			isa = PBXProject;
			attributes = {
				LastUpgradeCheck = 0940;
				TargetAttributes = {
					B608F0AA211940A0000A17BD = {
						CreatedOnToolsVersion = 9.4.1;
					};
				};
			};
			buildConfigurationList = B608F03521193EF9000A17BD /* Build configuration list for PBXProject "chaining_test" */;
			compatibilityVersion = "Xcode 9.3";
			developmentRegion = en;
			hasScannedForEncodings = 0;
			knownRegions = (
				en,
			);
			mainGroup = B608F03121193EF9000A17BD;
			productRefGroup = B608F03D21193F23000A17BD /* Products */;
			projectDirPath = "";
			projectRoot = "";
			targets = (
				B608F0AA211940A0000A17BD /* chaining_test_mac */,
			);
		};
/* End PBXProject section */

/* Begin PBXResourcesBuildPhase section */
		B608F0A9211940A0000A17BD /* Resources */ = {
			isa = PBXResourcesBuildPhase;
			buildActionMask = 2147483647;
			files = (
			);
			runOnlyForDeploymentPostprocessing = 0;
		};
/* End PBXResourcesBuildPhase section */

/* Begin PBXShellScriptBuildPhase section */
		B608F0B8211942B1000A17BD /* ShellScript */ = {
			isa = PBXShellScriptBuildPhase;
			buildActionMask = 2147483647;
			files = (
			);
			inputPaths = (
			);
			outputPaths = (
			);
			runOnlyForDeploymentPostprocessing = 0;
			shellPath = /bin/sh;
			shellScript = ../script/format.sh;
		};
/* End PBXShellScriptBuildPhase section */

/* Begin PBXSourcesBuildPhase section */
		B608F0A7211940A0000A17BD /* Sources */ = {
			isa = PBXSourcesBuildPhase;
			buildActionMask = 2147483647;
			files = (
				B608F0B621194162000A17BD /* yas_any.cpp in Sources */,
				B67438C2211E6BCF0015E7D6 /* yas_chaining_utils_tests.mm in Sources */,
				B67438C6211E6BCF0015E7D6 /* yas_chaining_tests.mm in Sources */,
				B67438C8211E6C8C0015E7D6 /* yas_base.cpp in Sources */,
				B67438C3211E6BCF0015E7D6 /* yas_holder_tests.mm in Sources */,
				B67438C5211E6BCF0015E7D6 /* yas_notifier_tests.mm in Sources */,
				B67438C7211E6BCF0015E7D6 /* yas_fetcher_tests.mm in Sources */,
				B67438C9211E6C900015E7D6 /* yas_protocol.cpp in Sources */,
			);
			runOnlyForDeploymentPostprocessing = 0;
		};
/* End PBXSourcesBuildPhase section */

/* Begin XCBuildConfiguration section */
		B608F03621193EF9000A17BD /* Debug */ = {
			isa = XCBuildConfiguration;
			buildSettings = {
			};
			name = Debug;
		};
		B608F03721193EF9000A17BD /* Release */ = {
			isa = XCBuildConfiguration;
			buildSettings = {
			};
			name = Release;
		};
		B608F0B1211940A0000A17BD /* Debug */ = {
			isa = XCBuildConfiguration;
			buildSettings = {
				ALWAYS_SEARCH_USER_PATHS = NO;
				CLANG_ANALYZER_NONNULL = YES;
				CLANG_ANALYZER_NUMBER_OBJECT_CONVERSION = YES_AGGRESSIVE;
				CLANG_CXX_LANGUAGE_STANDARD = "gnu++17";
				CLANG_CXX_LIBRARY = "libc++";
				CLANG_ENABLE_MODULES = YES;
				CLANG_ENABLE_OBJC_ARC = YES;
				CLANG_ENABLE_OBJC_WEAK = YES;
				CLANG_WARN_BLOCK_CAPTURE_AUTORELEASING = YES;
				CLANG_WARN_BOOL_CONVERSION = YES;
				CLANG_WARN_COMMA = YES;
				CLANG_WARN_CONSTANT_CONVERSION = YES;
				CLANG_WARN_DEPRECATED_OBJC_IMPLEMENTATIONS = YES;
				CLANG_WARN_DIRECT_OBJC_ISA_USAGE = YES_ERROR;
				CLANG_WARN_DOCUMENTATION_COMMENTS = YES;
				CLANG_WARN_EMPTY_BODY = YES;
				CLANG_WARN_ENUM_CONVERSION = YES;
				CLANG_WARN_INFINITE_RECURSION = YES;
				CLANG_WARN_INT_CONVERSION = YES;
				CLANG_WARN_NON_LITERAL_NULL_CONVERSION = YES;
				CLANG_WARN_OBJC_IMPLICIT_RETAIN_SELF = YES;
				CLANG_WARN_OBJC_LITERAL_CONVERSION = YES;
				CLANG_WARN_OBJC_ROOT_CLASS = YES_ERROR;
				CLANG_WARN_RANGE_LOOP_ANALYSIS = YES;
				CLANG_WARN_STRICT_PROTOTYPES = YES;
				CLANG_WARN_SUSPICIOUS_MOVE = YES;
				CLANG_WARN_UNGUARDED_AVAILABILITY = YES_AGGRESSIVE;
				CLANG_WARN_UNREACHABLE_CODE = YES;
				CLANG_WARN__DUPLICATE_METHOD_MATCH = YES;
				CODE_SIGN_IDENTITY = "Mac Developer";
				CODE_SIGN_STYLE = Automatic;
				COMBINE_HIDPI_IMAGES = YES;
				COPY_PHASE_STRIP = NO;
				DEBUG_INFORMATION_FORMAT = dwarf;
				DEVELOPMENT_TEAM = WVVR5YE53F;
				ENABLE_STRICT_OBJC_MSGSEND = YES;
				ENABLE_TESTABILITY = YES;
				GCC_C_LANGUAGE_STANDARD = gnu11;
				GCC_DYNAMIC_NO_PIC = NO;
				GCC_NO_COMMON_BLOCKS = YES;
				GCC_OPTIMIZATION_LEVEL = 0;
				GCC_PREPROCESSOR_DEFINITIONS = (
					"DEBUG=1",
					"$(inherited)",
				);
				GCC_WARN_64_TO_32_BIT_CONVERSION = YES;
				GCC_WARN_ABOUT_RETURN_TYPE = YES_ERROR;
				GCC_WARN_UNDECLARED_SELECTOR = YES;
				GCC_WARN_UNINITIALIZED_AUTOS = YES_AGGRESSIVE;
				GCC_WARN_UNUSED_FUNCTION = YES;
				GCC_WARN_UNUSED_VARIABLE = YES;
				INFOPLIST_FILE = chaining_test_mac/Info.plist;
				LD_RUNPATH_SEARCH_PATHS = (
					"$(inherited)",
					"@executable_path/../Frameworks",
					"@loader_path/../Frameworks",
				);
				MACOSX_DEPLOYMENT_TARGET = 10.13;
				MTL_ENABLE_DEBUG_INFO = YES;
				ONLY_ACTIVE_ARCH = YES;
				PRODUCT_BUNDLE_IDENTIFIER = "jp.objective-audio.chaining-test-mac";
				PRODUCT_NAME = "$(TARGET_NAME)";
				SDKROOT = macosx;
			};
			name = Debug;
		};
		B608F0B2211940A0000A17BD /* Release */ = {
			isa = XCBuildConfiguration;
			buildSettings = {
				ALWAYS_SEARCH_USER_PATHS = NO;
				CLANG_ANALYZER_NONNULL = YES;
				CLANG_ANALYZER_NUMBER_OBJECT_CONVERSION = YES_AGGRESSIVE;
				CLANG_CXX_LANGUAGE_STANDARD = "gnu++17";
				CLANG_CXX_LIBRARY = "libc++";
				CLANG_ENABLE_MODULES = YES;
				CLANG_ENABLE_OBJC_ARC = YES;
				CLANG_ENABLE_OBJC_WEAK = YES;
				CLANG_WARN_BLOCK_CAPTURE_AUTORELEASING = YES;
				CLANG_WARN_BOOL_CONVERSION = YES;
				CLANG_WARN_COMMA = YES;
				CLANG_WARN_CONSTANT_CONVERSION = YES;
				CLANG_WARN_DEPRECATED_OBJC_IMPLEMENTATIONS = YES;
				CLANG_WARN_DIRECT_OBJC_ISA_USAGE = YES_ERROR;
				CLANG_WARN_DOCUMENTATION_COMMENTS = YES;
				CLANG_WARN_EMPTY_BODY = YES;
				CLANG_WARN_ENUM_CONVERSION = YES;
				CLANG_WARN_INFINITE_RECURSION = YES;
				CLANG_WARN_INT_CONVERSION = YES;
				CLANG_WARN_NON_LITERAL_NULL_CONVERSION = YES;
				CLANG_WARN_OBJC_IMPLICIT_RETAIN_SELF = YES;
				CLANG_WARN_OBJC_LITERAL_CONVERSION = YES;
				CLANG_WARN_OBJC_ROOT_CLASS = YES_ERROR;
				CLANG_WARN_RANGE_LOOP_ANALYSIS = YES;
				CLANG_WARN_STRICT_PROTOTYPES = YES;
				CLANG_WARN_SUSPICIOUS_MOVE = YES;
				CLANG_WARN_UNGUARDED_AVAILABILITY = YES_AGGRESSIVE;
				CLANG_WARN_UNREACHABLE_CODE = YES;
				CLANG_WARN__DUPLICATE_METHOD_MATCH = YES;
				CODE_SIGN_IDENTITY = "Mac Developer";
				CODE_SIGN_STYLE = Automatic;
				COMBINE_HIDPI_IMAGES = YES;
				COPY_PHASE_STRIP = NO;
				DEBUG_INFORMATION_FORMAT = "dwarf-with-dsym";
				DEVELOPMENT_TEAM = WVVR5YE53F;
				ENABLE_NS_ASSERTIONS = NO;
				ENABLE_STRICT_OBJC_MSGSEND = YES;
				GCC_C_LANGUAGE_STANDARD = gnu11;
				GCC_NO_COMMON_BLOCKS = YES;
				GCC_WARN_64_TO_32_BIT_CONVERSION = YES;
				GCC_WARN_ABOUT_RETURN_TYPE = YES_ERROR;
				GCC_WARN_UNDECLARED_SELECTOR = YES;
				GCC_WARN_UNINITIALIZED_AUTOS = YES_AGGRESSIVE;
				GCC_WARN_UNUSED_FUNCTION = YES;
				GCC_WARN_UNUSED_VARIABLE = YES;
				INFOPLIST_FILE = chaining_test_mac/Info.plist;
				LD_RUNPATH_SEARCH_PATHS = (
					"$(inherited)",
					"@executable_path/../Frameworks",
					"@loader_path/../Frameworks",
				);
				MACOSX_DEPLOYMENT_TARGET = 10.13;
				MTL_ENABLE_DEBUG_INFO = NO;
				PRODUCT_BUNDLE_IDENTIFIER = "jp.objective-audio.chaining-test-mac";
				PRODUCT_NAME = "$(TARGET_NAME)";
				SDKROOT = macosx;
			};
			name = Release;
		};
/* End XCBuildConfiguration section */

/* Begin XCConfigurationList section */
		B608F03521193EF9000A17BD /* Build configuration list for PBXProject "chaining_test" */ = {
			isa = XCConfigurationList;
			buildConfigurations = (
				B608F03621193EF9000A17BD /* Debug */,
				B608F03721193EF9000A17BD /* Release */,
			);
			defaultConfigurationIsVisible = 0;
			defaultConfigurationName = Release;
		};
		B608F0B0211940A0000A17BD /* Build configuration list for PBXNativeTarget "chaining_test_mac" */ = {
			isa = XCConfigurationList;
			buildConfigurations = (
				B608F0B1211940A0000A17BD /* Debug */,
				B608F0B2211940A0000A17BD /* Release */,
			);
			defaultConfigurationIsVisible = 0;
			defaultConfigurationName = Release;
		};
/* End XCConfigurationList section */
	};
	rootObject = B608F03221193EF9000A17BD /* Project object */;
}
