// !$*UTF8*$!
{
	archiveVersion = 1;
	classes = {
	};
	objectVersion = 50;
	objects = {

/* Begin PBXBuildFile section */
		B60813052123195500D86603 /* yas_to_tests.mm in Sources */ = {isa = PBXBuildFile; fileRef = B60813042123195500D86603 /* yas_to_tests.mm */; };
		B6081307212319CB00D86603 /* yas_sync_tests.mm in Sources */ = {isa = PBXBuildFile; fileRef = B6081306212319CB00D86603 /* yas_sync_tests.mm */; };
		B608130921231A5000D86603 /* yas_receiver_tests.mm in Sources */ = {isa = PBXBuildFile; fileRef = B608130821231A5000D86603 /* yas_receiver_tests.mm */; };
		B61643EB2127C7EB002A182F /* yas_observer_pool_tests.mm in Sources */ = {isa = PBXBuildFile; fileRef = B61643EA2127C7EB002A182F /* yas_observer_pool_tests.mm */; };
		B62525A621DCFE3200EE2ECA /* cpp_utils.framework in Frameworks */ = {isa = PBXBuildFile; fileRef = B62525A521DCFE3200EE2ECA /* cpp_utils.framework */; };
		B62525A821DD010E00EE2ECA /* UIKit.framework in Frameworks */ = {isa = PBXBuildFile; fileRef = B62525A721DD010E00EE2ECA /* UIKit.framework */; };
		B6277A1921437B5E00CA15A9 /* yas_vector_event_tests.mm in Sources */ = {isa = PBXBuildFile; fileRef = B6277A1821437B5E00CA15A9 /* yas_vector_event_tests.mm */; };
		B6277A1B2143FCC600CA15A9 /* yas_vector_holder_chain_tests.mm in Sources */ = {isa = PBXBuildFile; fileRef = B6277A1A2143FCC600CA15A9 /* yas_vector_holder_chain_tests.mm */; };
		B6359CD721D08E4A00481348 /* yas_multimap_holder_chain_tests.mm in Sources */ = {isa = PBXBuildFile; fileRef = B6359CD621D08E4A00481348 /* yas_multimap_holder_chain_tests.mm */; };
		B652391B21DC5D980035E7E2 /* yas_chain_tests.mm in Sources */ = {isa = PBXBuildFile; fileRef = B67438C0211E6BCF0015E7D6 /* yas_chain_tests.mm */; };
		B652391C21DC5D980035E7E2 /* yas_chaining_utils_tests.mm in Sources */ = {isa = PBXBuildFile; fileRef = B67438BC211E6BCF0015E7D6 /* yas_chaining_utils_tests.mm */; };
		B652391D21DC5D980035E7E2 /* yas_fetcher_tests.mm in Sources */ = {isa = PBXBuildFile; fileRef = B67438C1211E6BCF0015E7D6 /* yas_fetcher_tests.mm */; };
		B652391E21DC5D980035E7E2 /* yas_holder_tests.mm in Sources */ = {isa = PBXBuildFile; fileRef = B67438BD211E6BCF0015E7D6 /* yas_holder_tests.mm */; };
		B652391F21DC5D980035E7E2 /* yas_map_holder_chain_tests.mm in Sources */ = {isa = PBXBuildFile; fileRef = B684E89421D86B5700599A55 /* yas_map_holder_chain_tests.mm */; };
		B652392021DC5D980035E7E2 /* yas_map_holder_tests.mm in Sources */ = {isa = PBXBuildFile; fileRef = B684E89221D85ADE00599A55 /* yas_map_holder_tests.mm */; };
		B652392121DC5D980035E7E2 /* yas_multimap_holder_chain_tests.mm in Sources */ = {isa = PBXBuildFile; fileRef = B6359CD621D08E4A00481348 /* yas_multimap_holder_chain_tests.mm */; };
		B652392221DC5D980035E7E2 /* yas_multimap_holder_tests.mm in Sources */ = {isa = PBXBuildFile; fileRef = B66B085321CE497F002D6527 /* yas_multimap_holder_tests.mm */; };
		B652392321DC5D980035E7E2 /* yas_notifier_tests.mm in Sources */ = {isa = PBXBuildFile; fileRef = B67438BF211E6BCF0015E7D6 /* yas_notifier_tests.mm */; };
		B652392421DC5D980035E7E2 /* yas_observer_pool_tests.mm in Sources */ = {isa = PBXBuildFile; fileRef = B61643EA2127C7EB002A182F /* yas_observer_pool_tests.mm */; };
		B652392521DC5D980035E7E2 /* yas_observer_tests.mm in Sources */ = {isa = PBXBuildFile; fileRef = B6B154862123CC9C0051026A /* yas_observer_tests.mm */; };
		B652392621DC5D980035E7E2 /* yas_receiver_tests.mm in Sources */ = {isa = PBXBuildFile; fileRef = B608130821231A5000D86603 /* yas_receiver_tests.mm */; };
		B652392721DC5D980035E7E2 /* yas_sync_tests.mm in Sources */ = {isa = PBXBuildFile; fileRef = B6081306212319CB00D86603 /* yas_sync_tests.mm */; };
		B652392821DC5D980035E7E2 /* yas_to_tests.mm in Sources */ = {isa = PBXBuildFile; fileRef = B60813042123195500D86603 /* yas_to_tests.mm */; };
		B652392921DC5D980035E7E2 /* yas_vector_event_tests.mm in Sources */ = {isa = PBXBuildFile; fileRef = B6277A1821437B5E00CA15A9 /* yas_vector_event_tests.mm */; };
		B652392A21DC5D980035E7E2 /* yas_vector_holder_chain_tests.mm in Sources */ = {isa = PBXBuildFile; fileRef = B6277A1A2143FCC600CA15A9 /* yas_vector_holder_chain_tests.mm */; };
		B652392B21DC5D980035E7E2 /* yas_vector_holder_tests.mm in Sources */ = {isa = PBXBuildFile; fileRef = B6DFE505213BCC410018244A /* yas_vector_holder_tests.mm */; };
		B652394621DC5FC80035E7E2 /* chaining.framework in Frameworks */ = {isa = PBXBuildFile; fileRef = B652394521DC5FC80035E7E2 /* chaining.framework */; };
		B66B085421CE497F002D6527 /* yas_multimap_holder_tests.mm in Sources */ = {isa = PBXBuildFile; fileRef = B66B085321CE497F002D6527 /* yas_multimap_holder_tests.mm */; };
		B67438C2211E6BCF0015E7D6 /* yas_chaining_utils_tests.mm in Sources */ = {isa = PBXBuildFile; fileRef = B67438BC211E6BCF0015E7D6 /* yas_chaining_utils_tests.mm */; };
		B67438C3211E6BCF0015E7D6 /* yas_holder_tests.mm in Sources */ = {isa = PBXBuildFile; fileRef = B67438BD211E6BCF0015E7D6 /* yas_holder_tests.mm */; };
		B67438C5211E6BCF0015E7D6 /* yas_notifier_tests.mm in Sources */ = {isa = PBXBuildFile; fileRef = B67438BF211E6BCF0015E7D6 /* yas_notifier_tests.mm */; };
		B67438C6211E6BCF0015E7D6 /* yas_chain_tests.mm in Sources */ = {isa = PBXBuildFile; fileRef = B67438C0211E6BCF0015E7D6 /* yas_chain_tests.mm */; };
		B67438C7211E6BCF0015E7D6 /* yas_fetcher_tests.mm in Sources */ = {isa = PBXBuildFile; fileRef = B67438C1211E6BCF0015E7D6 /* yas_fetcher_tests.mm */; };
		B684E89321D85ADE00599A55 /* yas_map_holder_tests.mm in Sources */ = {isa = PBXBuildFile; fileRef = B684E89221D85ADE00599A55 /* yas_map_holder_tests.mm */; };
		B684E89521D86B5700599A55 /* yas_map_holder_chain_tests.mm in Sources */ = {isa = PBXBuildFile; fileRef = B684E89421D86B5700599A55 /* yas_map_holder_chain_tests.mm */; };
		B6B154872123CC9C0051026A /* yas_observer_tests.mm in Sources */ = {isa = PBXBuildFile; fileRef = B6B154862123CC9C0051026A /* yas_observer_tests.mm */; };
		B6DFE506213BCC410018244A /* yas_vector_holder_tests.mm in Sources */ = {isa = PBXBuildFile; fileRef = B6DFE505213BCC410018244A /* yas_vector_holder_tests.mm */; };
		B6EA2AB321DDAE6600387B90 /* cpp_utils.framework in Frameworks */ = {isa = PBXBuildFile; fileRef = B623B9D321DC4A5300D16037 /* cpp_utils.framework */; };
		B6EA2AB721DDAFB000387B90 /* chaining.framework in Frameworks */ = {isa = PBXBuildFile; fileRef = B623BA9321DC4E7800D16037 /* chaining.framework */; };
/* End PBXBuildFile section */

/* Begin PBXFileReference section */
		B60813042123195500D86603 /* yas_to_tests.mm */ = {isa = PBXFileReference; lastKnownFileType = sourcecode.cpp.objcpp; path = yas_to_tests.mm; sourceTree = "<group>"; };
		B6081306212319CB00D86603 /* yas_sync_tests.mm */ = {isa = PBXFileReference; lastKnownFileType = sourcecode.cpp.objcpp; path = yas_sync_tests.mm; sourceTree = "<group>"; };
		B608130821231A5000D86603 /* yas_receiver_tests.mm */ = {isa = PBXFileReference; lastKnownFileType = sourcecode.cpp.objcpp; path = yas_receiver_tests.mm; sourceTree = "<group>"; };
		B608F0AB211940A0000A17BD /* chaining_test_mac.xctest */ = {isa = PBXFileReference; explicitFileType = wrapper.cfbundle; includeInIndex = 0; path = chaining_test_mac.xctest; sourceTree = BUILT_PRODUCTS_DIR; };
		B608F0AF211940A0000A17BD /* Info.plist */ = {isa = PBXFileReference; lastKnownFileType = text.plist.xml; path = Info.plist; sourceTree = "<group>"; };
		B61643EA2127C7EB002A182F /* yas_observer_pool_tests.mm */ = {isa = PBXFileReference; lastKnownFileType = sourcecode.cpp.objcpp; path = yas_observer_pool_tests.mm; sourceTree = "<group>"; };
		B623B9D321DC4A5300D16037 /* cpp_utils.framework */ = {isa = PBXFileReference; explicitFileType = wrapper.framework; path = cpp_utils.framework; sourceTree = BUILT_PRODUCTS_DIR; };
		B623BA9321DC4E7800D16037 /* chaining.framework */ = {isa = PBXFileReference; explicitFileType = wrapper.framework; path = chaining.framework; sourceTree = BUILT_PRODUCTS_DIR; };
		B623BA9B21DC509400D16037 /* Accelerate.framework */ = {isa = PBXFileReference; lastKnownFileType = wrapper.framework; name = Accelerate.framework; path = System/Library/Frameworks/Accelerate.framework; sourceTree = SDKROOT; };
		B62525A521DCFE3200EE2ECA /* cpp_utils.framework */ = {isa = PBXFileReference; explicitFileType = wrapper.framework; path = cpp_utils.framework; sourceTree = BUILT_PRODUCTS_DIR; };
		B62525A721DD010E00EE2ECA /* UIKit.framework */ = {isa = PBXFileReference; lastKnownFileType = wrapper.framework; name = UIKit.framework; path = Platforms/iPhoneOS.platform/Developer/SDKs/iPhoneOS12.1.sdk/System/Library/Frameworks/UIKit.framework; sourceTree = DEVELOPER_DIR; };
		B6277A1821437B5E00CA15A9 /* yas_vector_event_tests.mm */ = {isa = PBXFileReference; lastKnownFileType = sourcecode.cpp.objcpp; path = yas_vector_event_tests.mm; sourceTree = "<group>"; };
		B6277A1A2143FCC600CA15A9 /* yas_vector_holder_chain_tests.mm */ = {isa = PBXFileReference; lastKnownFileType = sourcecode.cpp.objcpp; path = yas_vector_holder_chain_tests.mm; sourceTree = "<group>"; };
		B6359CD621D08E4A00481348 /* yas_multimap_holder_chain_tests.mm */ = {isa = PBXFileReference; lastKnownFileType = sourcecode.cpp.objcpp; path = yas_multimap_holder_chain_tests.mm; sourceTree = "<group>"; };
		B652391321DC5CA00035E7E2 /* chaining_test_ios.xctest */ = {isa = PBXFileReference; explicitFileType = wrapper.cfbundle; includeInIndex = 0; path = chaining_test_ios.xctest; sourceTree = BUILT_PRODUCTS_DIR; };
		B652392C21DC5E1D0035E7E2 /* cpp_utils.framework */ = {isa = PBXFileReference; explicitFileType = wrapper.framework; path = cpp_utils.framework; sourceTree = BUILT_PRODUCTS_DIR; };
		B652392F21DC5E1D0035E7E2 /* Accelerate.framework */ = {isa = PBXFileReference; lastKnownFileType = wrapper.framework; name = Accelerate.framework; path = Platforms/iPhoneOS.platform/Developer/SDKs/iPhoneOS12.0.sdk/System/Library/Frameworks/Accelerate.framework; sourceTree = DEVELOPER_DIR; };
		B652394521DC5FC80035E7E2 /* chaining.framework */ = {isa = PBXFileReference; explicitFileType = wrapper.framework; path = chaining.framework; sourceTree = BUILT_PRODUCTS_DIR; };
		B66B085321CE497F002D6527 /* yas_multimap_holder_tests.mm */ = {isa = PBXFileReference; lastKnownFileType = sourcecode.cpp.objcpp; path = yas_multimap_holder_tests.mm; sourceTree = "<group>"; };
		B67438BC211E6BCF0015E7D6 /* yas_chaining_utils_tests.mm */ = {isa = PBXFileReference; fileEncoding = 4; lastKnownFileType = sourcecode.cpp.objcpp; path = yas_chaining_utils_tests.mm; sourceTree = "<group>"; };
		B67438BD211E6BCF0015E7D6 /* yas_holder_tests.mm */ = {isa = PBXFileReference; fileEncoding = 4; lastKnownFileType = sourcecode.cpp.objcpp; path = yas_holder_tests.mm; sourceTree = "<group>"; };
		B67438BF211E6BCF0015E7D6 /* yas_notifier_tests.mm */ = {isa = PBXFileReference; fileEncoding = 4; lastKnownFileType = sourcecode.cpp.objcpp; path = yas_notifier_tests.mm; sourceTree = "<group>"; };
		B67438C0211E6BCF0015E7D6 /* yas_chain_tests.mm */ = {isa = PBXFileReference; fileEncoding = 4; lastKnownFileType = sourcecode.cpp.objcpp; path = yas_chain_tests.mm; sourceTree = "<group>"; };
		B67438C1211E6BCF0015E7D6 /* yas_fetcher_tests.mm */ = {isa = PBXFileReference; fileEncoding = 4; lastKnownFileType = sourcecode.cpp.objcpp; path = yas_fetcher_tests.mm; sourceTree = "<group>"; };
		B684E89221D85ADE00599A55 /* yas_map_holder_tests.mm */ = {isa = PBXFileReference; lastKnownFileType = sourcecode.cpp.objcpp; path = yas_map_holder_tests.mm; sourceTree = "<group>"; };
		B684E89421D86B5700599A55 /* yas_map_holder_chain_tests.mm */ = {isa = PBXFileReference; lastKnownFileType = sourcecode.cpp.objcpp; path = yas_map_holder_chain_tests.mm; sourceTree = "<group>"; };
		B6B154862123CC9C0051026A /* yas_observer_tests.mm */ = {isa = PBXFileReference; lastKnownFileType = sourcecode.cpp.objcpp; path = yas_observer_tests.mm; sourceTree = "<group>"; };
		B6DFE505213BCC410018244A /* yas_vector_holder_tests.mm */ = {isa = PBXFileReference; lastKnownFileType = sourcecode.cpp.objcpp; path = yas_vector_holder_tests.mm; sourceTree = "<group>"; };
		B6EA2AB421DDAE6C00387B90 /* objc_utils.framework */ = {isa = PBXFileReference; explicitFileType = wrapper.framework; path = objc_utils.framework; sourceTree = BUILT_PRODUCTS_DIR; };
/* End PBXFileReference section */

/* Begin PBXFrameworksBuildPhase section */
		B608F0A8211940A0000A17BD /* Frameworks */ = {
			isa = PBXFrameworksBuildPhase;
			buildActionMask = 2147483647;
			files = (
				B6EA2AB721DDAFB000387B90 /* chaining.framework in Frameworks */,
				B6EA2AB321DDAE6600387B90 /* cpp_utils.framework in Frameworks */,
			);
			runOnlyForDeploymentPostprocessing = 0;
		};
		B652391021DC5CA00035E7E2 /* Frameworks */ = {
			isa = PBXFrameworksBuildPhase;
			buildActionMask = 2147483647;
			files = (
				B62525A821DD010E00EE2ECA /* UIKit.framework in Frameworks */,
				B62525A621DCFE3200EE2ECA /* cpp_utils.framework in Frameworks */,
				B652394621DC5FC80035E7E2 /* chaining.framework in Frameworks */,
			);
			runOnlyForDeploymentPostprocessing = 0;
		};
/* End PBXFrameworksBuildPhase section */

/* Begin PBXGroup section */
		B608F03121193EF9000A17BD = {
			isa = PBXGroup;
			children = (
				B608F0AC211940A0000A17BD /* chaining_test */,
				B608F03D21193F23000A17BD /* Products */,
				B623B9D221DC4A5300D16037 /* Frameworks */,
			);
			sourceTree = "<group>";
		};
		B608F03D21193F23000A17BD /* Products */ = {
			isa = PBXGroup;
			children = (
				B608F0AB211940A0000A17BD /* chaining_test_mac.xctest */,
				B652391321DC5CA00035E7E2 /* chaining_test_ios.xctest */,
			);
			name = Products;
			sourceTree = "<group>";
		};
		B608F0AC211940A0000A17BD /* chaining_test */ = {
			isa = PBXGroup;
			children = (
				B608F0AF211940A0000A17BD /* Info.plist */,
				B67438C0211E6BCF0015E7D6 /* yas_chain_tests.mm */,
				B67438BC211E6BCF0015E7D6 /* yas_chaining_utils_tests.mm */,
				B67438C1211E6BCF0015E7D6 /* yas_fetcher_tests.mm */,
				B67438BD211E6BCF0015E7D6 /* yas_holder_tests.mm */,
				B684E89421D86B5700599A55 /* yas_map_holder_chain_tests.mm */,
				B684E89221D85ADE00599A55 /* yas_map_holder_tests.mm */,
				B6359CD621D08E4A00481348 /* yas_multimap_holder_chain_tests.mm */,
				B66B085321CE497F002D6527 /* yas_multimap_holder_tests.mm */,
				B67438BF211E6BCF0015E7D6 /* yas_notifier_tests.mm */,
				B61643EA2127C7EB002A182F /* yas_observer_pool_tests.mm */,
				B6B154862123CC9C0051026A /* yas_observer_tests.mm */,
				B608130821231A5000D86603 /* yas_receiver_tests.mm */,
				B6081306212319CB00D86603 /* yas_sync_tests.mm */,
				B60813042123195500D86603 /* yas_to_tests.mm */,
				B6277A1821437B5E00CA15A9 /* yas_vector_event_tests.mm */,
				B6277A1A2143FCC600CA15A9 /* yas_vector_holder_chain_tests.mm */,
				B6DFE505213BCC410018244A /* yas_vector_holder_tests.mm */,
			);
			path = chaining_test;
			sourceTree = "<group>";
		};
		B623B9D221DC4A5300D16037 /* Frameworks */ = {
			isa = PBXGroup;
			children = (
				B6EA2AB421DDAE6C00387B90 /* objc_utils.framework */,
				B62525A721DD010E00EE2ECA /* UIKit.framework */,
				B62525A521DCFE3200EE2ECA /* cpp_utils.framework */,
				B652394521DC5FC80035E7E2 /* chaining.framework */,
				B652392F21DC5E1D0035E7E2 /* Accelerate.framework */,
				B652392C21DC5E1D0035E7E2 /* cpp_utils.framework */,
				B623BA9B21DC509400D16037 /* Accelerate.framework */,
				B623BA9321DC4E7800D16037 /* chaining.framework */,
				B623B9D321DC4A5300D16037 /* cpp_utils.framework */,
			);
			name = Frameworks;
			sourceTree = "<group>";
		};
/* End PBXGroup section */

/* Begin PBXNativeTarget section */
		B608F0AA211940A0000A17BD /* chaining_test_mac */ = {
			isa = PBXNativeTarget;
			buildConfigurationList = B608F0B0211940A0000A17BD /* Build configuration list for PBXNativeTarget "chaining_test_mac" */;
			buildPhases = (
				B608F0B8211942B1000A17BD /* ShellScript */,
				B608F0A7211940A0000A17BD /* Sources */,
				B608F0A8211940A0000A17BD /* Frameworks */,
				B608F0A9211940A0000A17BD /* Resources */,
			);
			buildRules = (
			);
			dependencies = (
			);
			name = chaining_test_mac;
			productName = chaining_test_mac;
			productReference = B608F0AB211940A0000A17BD /* chaining_test_mac.xctest */;
			productType = "com.apple.product-type.bundle.unit-test";
		};
		B652391221DC5CA00035E7E2 /* chaining_test_ios */ = {
			isa = PBXNativeTarget;
			buildConfigurationList = B652391A21DC5CA00035E7E2 /* Build configuration list for PBXNativeTarget "chaining_test_ios" */;
			buildPhases = (
				B652393121DC5E820035E7E2 /* ShellScript */,
				B652390F21DC5CA00035E7E2 /* Sources */,
				B652391021DC5CA00035E7E2 /* Frameworks */,
				B652391121DC5CA00035E7E2 /* Resources */,
			);
			buildRules = (
			);
			dependencies = (
			);
			name = chaining_test_ios;
			productName = chaining_test_ios;
			productReference = B652391321DC5CA00035E7E2 /* chaining_test_ios.xctest */;
			productType = "com.apple.product-type.bundle.unit-test";
		};
/* End PBXNativeTarget section */

/* Begin PBXProject section */
		B608F03221193EF9000A17BD /* Project object */ = {
			isa = PBXProject;
			attributes = {
				LastUpgradeCheck = 1000;
				TargetAttributes = {
					B608F0AA211940A0000A17BD = {
						CreatedOnToolsVersion = 9.4.1;
					};
					B652391221DC5CA00035E7E2 = {
						CreatedOnToolsVersion = 10.0;
					};
				};
			};
			buildConfigurationList = B608F03521193EF9000A17BD /* Build configuration list for PBXProject "chaining_test" */;
			compatibilityVersion = "Xcode 9.3";
			developmentRegion = en;
			hasScannedForEncodings = 0;
			knownRegions = (
				en,
			);
			mainGroup = B608F03121193EF9000A17BD;
			productRefGroup = B608F03D21193F23000A17BD /* Products */;
			projectDirPath = "";
			projectRoot = "";
			targets = (
				B608F0AA211940A0000A17BD /* chaining_test_mac */,
				B652391221DC5CA00035E7E2 /* chaining_test_ios */,
			);
		};
/* End PBXProject section */

/* Begin PBXResourcesBuildPhase section */
		B608F0A9211940A0000A17BD /* Resources */ = {
			isa = PBXResourcesBuildPhase;
			buildActionMask = 2147483647;
			files = (
			);
			runOnlyForDeploymentPostprocessing = 0;
		};
		B652391121DC5CA00035E7E2 /* Resources */ = {
			isa = PBXResourcesBuildPhase;
			buildActionMask = 2147483647;
			files = (
			);
			runOnlyForDeploymentPostprocessing = 0;
		};
/* End PBXResourcesBuildPhase section */

/* Begin PBXShellScriptBuildPhase section */
		B608F0B8211942B1000A17BD /* ShellScript */ = {
			isa = PBXShellScriptBuildPhase;
			buildActionMask = 2147483647;
			files = (
			);
			inputPaths = (
			);
			outputPaths = (
			);
			runOnlyForDeploymentPostprocessing = 0;
			shellPath = /bin/sh;
			shellScript = "../script/format.sh\n";
		};
		B652393121DC5E820035E7E2 /* ShellScript */ = {
			isa = PBXShellScriptBuildPhase;
			buildActionMask = 2147483647;
			files = (
			);
			inputFileListPaths = (
			);
			inputPaths = (
			);
			outputFileListPaths = (
			);
			outputPaths = (
			);
			runOnlyForDeploymentPostprocessing = 0;
			shellPath = /bin/sh;
			shellScript = "../script/format.sh\n";
		};
/* End PBXShellScriptBuildPhase section */

/* Begin PBXSourcesBuildPhase section */
		B608F0A7211940A0000A17BD /* Sources */ = {
			isa = PBXSourcesBuildPhase;
			buildActionMask = 2147483647;
			files = (
				B6277A1921437B5E00CA15A9 /* yas_vector_event_tests.mm in Sources */,
				B67438C2211E6BCF0015E7D6 /* yas_chaining_utils_tests.mm in Sources */,
				B67438C6211E6BCF0015E7D6 /* yas_chain_tests.mm in Sources */,
				B66B085421CE497F002D6527 /* yas_multimap_holder_tests.mm in Sources */,
				B6081307212319CB00D86603 /* yas_sync_tests.mm in Sources */,
				B67438C3211E6BCF0015E7D6 /* yas_holder_tests.mm in Sources */,
				B67438C5211E6BCF0015E7D6 /* yas_notifier_tests.mm in Sources */,
				B6359CD721D08E4A00481348 /* yas_multimap_holder_chain_tests.mm in Sources */,
				B67438C7211E6BCF0015E7D6 /* yas_fetcher_tests.mm in Sources */,
				B6B154872123CC9C0051026A /* yas_observer_tests.mm in Sources */,
				B61643EB2127C7EB002A182F /* yas_observer_pool_tests.mm in Sources */,
				B6277A1B2143FCC600CA15A9 /* yas_vector_holder_chain_tests.mm in Sources */,
				B60813052123195500D86603 /* yas_to_tests.mm in Sources */,
				B608130921231A5000D86603 /* yas_receiver_tests.mm in Sources */,
				B684E89321D85ADE00599A55 /* yas_map_holder_tests.mm in Sources */,
				B684E89521D86B5700599A55 /* yas_map_holder_chain_tests.mm in Sources */,
				B6DFE506213BCC410018244A /* yas_vector_holder_tests.mm in Sources */,
			);
			runOnlyForDeploymentPostprocessing = 0;
		};
		B652390F21DC5CA00035E7E2 /* Sources */ = {
			isa = PBXSourcesBuildPhase;
			buildActionMask = 2147483647;
			files = (
				B652392B21DC5D980035E7E2 /* yas_vector_holder_tests.mm in Sources */,
				B652392A21DC5D980035E7E2 /* yas_vector_holder_chain_tests.mm in Sources */,
				B652392621DC5D980035E7E2 /* yas_receiver_tests.mm in Sources */,
				B652392221DC5D980035E7E2 /* yas_multimap_holder_tests.mm in Sources */,
				B652392921DC5D980035E7E2 /* yas_vector_event_tests.mm in Sources */,
				B652392021DC5D980035E7E2 /* yas_map_holder_tests.mm in Sources */,
				B652392121DC5D980035E7E2 /* yas_multimap_holder_chain_tests.mm in Sources */,
				B652392321DC5D980035E7E2 /* yas_notifier_tests.mm in Sources */,
				B652391F21DC5D980035E7E2 /* yas_map_holder_chain_tests.mm in Sources */,
				B652392721DC5D980035E7E2 /* yas_sync_tests.mm in Sources */,
				B652391C21DC5D980035E7E2 /* yas_chaining_utils_tests.mm in Sources */,
				B652392521DC5D980035E7E2 /* yas_observer_tests.mm in Sources */,
				B652391B21DC5D980035E7E2 /* yas_chain_tests.mm in Sources */,
				B652392821DC5D980035E7E2 /* yas_to_tests.mm in Sources */,
				B652392421DC5D980035E7E2 /* yas_observer_pool_tests.mm in Sources */,
				B652391D21DC5D980035E7E2 /* yas_fetcher_tests.mm in Sources */,
				B652391E21DC5D980035E7E2 /* yas_holder_tests.mm in Sources */,
			);
			runOnlyForDeploymentPostprocessing = 0;
		};
/* End PBXSourcesBuildPhase section */

/* Begin XCBuildConfiguration section */
		B608F03621193EF9000A17BD /* Debug */ = {
			isa = XCBuildConfiguration;
			buildSettings = {
				CLANG_WARN_BLOCK_CAPTURE_AUTORELEASING = YES;
				CLANG_WARN_BOOL_CONVERSION = YES;
				CLANG_WARN_COMMA = YES;
				CLANG_WARN_CONSTANT_CONVERSION = YES;
				CLANG_WARN_DEPRECATED_OBJC_IMPLEMENTATIONS = YES;
				CLANG_WARN_EMPTY_BODY = YES;
				CLANG_WARN_ENUM_CONVERSION = YES;
				CLANG_WARN_INFINITE_RECURSION = YES;
				CLANG_WARN_INT_CONVERSION = YES;
				CLANG_WARN_NON_LITERAL_NULL_CONVERSION = YES;
				CLANG_WARN_OBJC_IMPLICIT_RETAIN_SELF = YES;
				CLANG_WARN_OBJC_LITERAL_CONVERSION = YES;
				CLANG_WARN_RANGE_LOOP_ANALYSIS = YES;
				CLANG_WARN_STRICT_PROTOTYPES = YES;
				CLANG_WARN_SUSPICIOUS_MOVE = YES;
				CLANG_WARN_UNREACHABLE_CODE = YES;
				CLANG_WARN__DUPLICATE_METHOD_MATCH = YES;
				ENABLE_STRICT_OBJC_MSGSEND = YES;
				ENABLE_TESTABILITY = YES;
				GCC_NO_COMMON_BLOCKS = YES;
				GCC_WARN_64_TO_32_BIT_CONVERSION = YES;
				GCC_WARN_ABOUT_RETURN_TYPE = YES;
				GCC_WARN_UNDECLARED_SELECTOR = YES;
				GCC_WARN_UNINITIALIZED_AUTOS = YES;
				GCC_WARN_UNUSED_FUNCTION = YES;
				GCC_WARN_UNUSED_VARIABLE = YES;
				ONLY_ACTIVE_ARCH = YES;
			};
			name = Debug;
		};
		B608F03721193EF9000A17BD /* Release */ = {
			isa = XCBuildConfiguration;
			buildSettings = {
				CLANG_WARN_BLOCK_CAPTURE_AUTORELEASING = YES;
				CLANG_WARN_BOOL_CONVERSION = YES;
				CLANG_WARN_COMMA = YES;
				CLANG_WARN_CONSTANT_CONVERSION = YES;
				CLANG_WARN_DEPRECATED_OBJC_IMPLEMENTATIONS = YES;
				CLANG_WARN_EMPTY_BODY = YES;
				CLANG_WARN_ENUM_CONVERSION = YES;
				CLANG_WARN_INFINITE_RECURSION = YES;
				CLANG_WARN_INT_CONVERSION = YES;
				CLANG_WARN_NON_LITERAL_NULL_CONVERSION = YES;
				CLANG_WARN_OBJC_IMPLICIT_RETAIN_SELF = YES;
				CLANG_WARN_OBJC_LITERAL_CONVERSION = YES;
				CLANG_WARN_RANGE_LOOP_ANALYSIS = YES;
				CLANG_WARN_STRICT_PROTOTYPES = YES;
				CLANG_WARN_SUSPICIOUS_MOVE = YES;
				CLANG_WARN_UNREACHABLE_CODE = YES;
				CLANG_WARN__DUPLICATE_METHOD_MATCH = YES;
				ENABLE_STRICT_OBJC_MSGSEND = YES;
				GCC_NO_COMMON_BLOCKS = YES;
				GCC_WARN_64_TO_32_BIT_CONVERSION = YES;
				GCC_WARN_ABOUT_RETURN_TYPE = YES;
				GCC_WARN_UNDECLARED_SELECTOR = YES;
				GCC_WARN_UNINITIALIZED_AUTOS = YES;
				GCC_WARN_UNUSED_FUNCTION = YES;
				GCC_WARN_UNUSED_VARIABLE = YES;
			};
			name = Release;
		};
		B608F0B1211940A0000A17BD /* Debug */ = {
			isa = XCBuildConfiguration;
			buildSettings = {
				ALWAYS_SEARCH_USER_PATHS = NO;
				CLANG_ANALYZER_NONNULL = YES;
				CLANG_ANALYZER_NUMBER_OBJECT_CONVERSION = YES_AGGRESSIVE;
				CLANG_CXX_LANGUAGE_STANDARD = "gnu++17";
				CLANG_CXX_LIBRARY = "libc++";
				CLANG_ENABLE_MODULES = YES;
				CLANG_ENABLE_OBJC_WEAK = YES;
				CLANG_WARN_BLOCK_CAPTURE_AUTORELEASING = YES;
				CLANG_WARN_BOOL_CONVERSION = YES;
				CLANG_WARN_COMMA = YES;
				CLANG_WARN_CONSTANT_CONVERSION = YES;
				CLANG_WARN_DEPRECATED_OBJC_IMPLEMENTATIONS = YES;
				CLANG_WARN_DIRECT_OBJC_ISA_USAGE = YES_ERROR;
				CLANG_WARN_DOCUMENTATION_COMMENTS = YES;
				CLANG_WARN_EMPTY_BODY = YES;
				CLANG_WARN_ENUM_CONVERSION = YES;
				CLANG_WARN_INFINITE_RECURSION = YES;
				CLANG_WARN_INT_CONVERSION = YES;
				CLANG_WARN_NON_LITERAL_NULL_CONVERSION = YES;
				CLANG_WARN_OBJC_IMPLICIT_RETAIN_SELF = YES;
				CLANG_WARN_OBJC_LITERAL_CONVERSION = YES;
				CLANG_WARN_OBJC_ROOT_CLASS = YES_ERROR;
				CLANG_WARN_RANGE_LOOP_ANALYSIS = YES;
				CLANG_WARN_STRICT_PROTOTYPES = YES;
				CLANG_WARN_SUSPICIOUS_MOVE = YES;
				CLANG_WARN_UNGUARDED_AVAILABILITY = YES_AGGRESSIVE;
				CLANG_WARN_UNREACHABLE_CODE = YES;
				CLANG_WARN__DUPLICATE_METHOD_MATCH = YES;
				CODE_SIGN_IDENTITY = "-";
				CODE_SIGN_STYLE = Manual;
				COMBINE_HIDPI_IMAGES = YES;
				COPY_PHASE_STRIP = NO;
				DEBUG_INFORMATION_FORMAT = dwarf;
				DEVELOPMENT_TEAM = "";
				ENABLE_STRICT_OBJC_MSGSEND = YES;
				ENABLE_TESTABILITY = YES;
				GCC_C_LANGUAGE_STANDARD = gnu11;
				GCC_DYNAMIC_NO_PIC = NO;
				GCC_NO_COMMON_BLOCKS = YES;
				GCC_OPTIMIZATION_LEVEL = 0;
				GCC_PREPROCESSOR_DEFINITIONS = (
					"DEBUG=1",
					"$(inherited)",
				);
				GCC_WARN_64_TO_32_BIT_CONVERSION = YES;
				GCC_WARN_ABOUT_RETURN_TYPE = YES_ERROR;
				GCC_WARN_UNDECLARED_SELECTOR = YES;
				GCC_WARN_UNINITIALIZED_AUTOS = YES_AGGRESSIVE;
				GCC_WARN_UNUSED_FUNCTION = YES;
				GCC_WARN_UNUSED_VARIABLE = YES;
				INFOPLIST_FILE = chaining_test/Info.plist;
				LD_RUNPATH_SEARCH_PATHS = (
					"$(inherited)",
					"@executable_path/../Frameworks",
					"@loader_path/../Frameworks",
				);
				MTL_ENABLE_DEBUG_INFO = YES;
				ONLY_ACTIVE_ARCH = YES;
				PRODUCT_BUNDLE_IDENTIFIER = "jp.objective-audio.chaining-test-mac";
				PRODUCT_NAME = "$(TARGET_NAME)";
				PROVISIONING_PROFILE_SPECIFIER = "";
				SDKROOT = macosx;
			};
			name = Debug;
		};
		B608F0B2211940A0000A17BD /* Release */ = {
			isa = XCBuildConfiguration;
			buildSettings = {
				ALWAYS_SEARCH_USER_PATHS = NO;
				CLANG_ANALYZER_NONNULL = YES;
				CLANG_ANALYZER_NUMBER_OBJECT_CONVERSION = YES_AGGRESSIVE;
				CLANG_CXX_LANGUAGE_STANDARD = "gnu++17";
				CLANG_CXX_LIBRARY = "libc++";
				CLANG_ENABLE_MODULES = YES;
				CLANG_ENABLE_OBJC_WEAK = YES;
				CLANG_WARN_BLOCK_CAPTURE_AUTORELEASING = YES;
				CLANG_WARN_BOOL_CONVERSION = YES;
				CLANG_WARN_COMMA = YES;
				CLANG_WARN_CONSTANT_CONVERSION = YES;
				CLANG_WARN_DEPRECATED_OBJC_IMPLEMENTATIONS = YES;
				CLANG_WARN_DIRECT_OBJC_ISA_USAGE = YES_ERROR;
				CLANG_WARN_DOCUMENTATION_COMMENTS = YES;
				CLANG_WARN_EMPTY_BODY = YES;
				CLANG_WARN_ENUM_CONVERSION = YES;
				CLANG_WARN_INFINITE_RECURSION = YES;
				CLANG_WARN_INT_CONVERSION = YES;
				CLANG_WARN_NON_LITERAL_NULL_CONVERSION = YES;
				CLANG_WARN_OBJC_IMPLICIT_RETAIN_SELF = YES;
				CLANG_WARN_OBJC_LITERAL_CONVERSION = YES;
				CLANG_WARN_OBJC_ROOT_CLASS = YES_ERROR;
				CLANG_WARN_RANGE_LOOP_ANALYSIS = YES;
				CLANG_WARN_STRICT_PROTOTYPES = YES;
				CLANG_WARN_SUSPICIOUS_MOVE = YES;
				CLANG_WARN_UNGUARDED_AVAILABILITY = YES_AGGRESSIVE;
				CLANG_WARN_UNREACHABLE_CODE = YES;
				CLANG_WARN__DUPLICATE_METHOD_MATCH = YES;
				CODE_SIGN_IDENTITY = "-";
				CODE_SIGN_STYLE = Manual;
				COMBINE_HIDPI_IMAGES = YES;
				COPY_PHASE_STRIP = NO;
				DEBUG_INFORMATION_FORMAT = "dwarf-with-dsym";
				DEVELOPMENT_TEAM = "";
				ENABLE_NS_ASSERTIONS = NO;
				ENABLE_STRICT_OBJC_MSGSEND = YES;
				GCC_C_LANGUAGE_STANDARD = gnu11;
				GCC_NO_COMMON_BLOCKS = YES;
				GCC_WARN_64_TO_32_BIT_CONVERSION = YES;
				GCC_WARN_ABOUT_RETURN_TYPE = YES_ERROR;
				GCC_WARN_UNDECLARED_SELECTOR = YES;
				GCC_WARN_UNINITIALIZED_AUTOS = YES_AGGRESSIVE;
				GCC_WARN_UNUSED_FUNCTION = YES;
				GCC_WARN_UNUSED_VARIABLE = YES;
				INFOPLIST_FILE = chaining_test/Info.plist;
				LD_RUNPATH_SEARCH_PATHS = (
					"$(inherited)",
					"@executable_path/../Frameworks",
					"@loader_path/../Frameworks",
				);
				MTL_ENABLE_DEBUG_INFO = NO;
				PRODUCT_BUNDLE_IDENTIFIER = "jp.objective-audio.chaining-test-mac";
				PRODUCT_NAME = "$(TARGET_NAME)";
				PROVISIONING_PROFILE_SPECIFIER = "";
				SDKROOT = macosx;
			};
			name = Release;
		};
		B652391821DC5CA00035E7E2 /* Debug */ = {
			isa = XCBuildConfiguration;
			buildSettings = {
				ALWAYS_SEARCH_USER_PATHS = NO;
				CLANG_ANALYZER_NONNULL = YES;
				CLANG_ANALYZER_NUMBER_OBJECT_CONVERSION = YES_AGGRESSIVE;
				CLANG_CXX_LANGUAGE_STANDARD = "gnu++17";
				CLANG_CXX_LIBRARY = "libc++";
				CLANG_ENABLE_MODULES = YES;
				CLANG_ENABLE_OBJC_WEAK = YES;
				CLANG_WARN_DIRECT_OBJC_ISA_USAGE = YES_ERROR;
				CLANG_WARN_DOCUMENTATION_COMMENTS = YES;
				CLANG_WARN_OBJC_ROOT_CLASS = YES_ERROR;
				CLANG_WARN_UNGUARDED_AVAILABILITY = YES_AGGRESSIVE;
				CODE_SIGN_IDENTITY = "iPhone Developer";
				CODE_SIGN_STYLE = Manual;
				COPY_PHASE_STRIP = NO;
				DEBUG_INFORMATION_FORMAT = dwarf;
				DEVELOPMENT_TEAM = "";
				GCC_C_LANGUAGE_STANDARD = gnu11;
				GCC_DYNAMIC_NO_PIC = NO;
				GCC_OPTIMIZATION_LEVEL = 0;
				GCC_PREPROCESSOR_DEFINITIONS = (
					"DEBUG=1",
					"$(inherited)",
				);
				GCC_WARN_ABOUT_RETURN_TYPE = YES_ERROR;
				GCC_WARN_UNINITIALIZED_AUTOS = YES_AGGRESSIVE;
				INFOPLIST_FILE = chaining_test/Info.plist;
				IPHONEOS_DEPLOYMENT_TARGET = 12.0;
				LD_RUNPATH_SEARCH_PATHS = (
					"$(inherited)",
					"@executable_path/Frameworks",
					"@loader_path/Frameworks",
				);
				MTL_ENABLE_DEBUG_INFO = INCLUDE_SOURCE;
				MTL_FAST_MATH = YES;
				PRODUCT_BUNDLE_IDENTIFIER = "jp.objective-audio.chaining-test-ios";
				PRODUCT_NAME = "$(TARGET_NAME)";
				PROVISIONING_PROFILE_SPECIFIER = "";
				SDKROOT = iphoneos;
				TARGETED_DEVICE_FAMILY = "1,2";
			};
			name = Debug;
		};
		B652391921DC5CA00035E7E2 /* Release */ = {
			isa = XCBuildConfiguration;
			buildSettings = {
				ALWAYS_SEARCH_USER_PATHS = NO;
				CLANG_ANALYZER_NONNULL = YES;
				CLANG_ANALYZER_NUMBER_OBJECT_CONVERSION = YES_AGGRESSIVE;
				CLANG_CXX_LANGUAGE_STANDARD = "gnu++17";
				CLANG_CXX_LIBRARY = "libc++";
				CLANG_ENABLE_MODULES = YES;
				CLANG_ENABLE_OBJC_WEAK = YES;
				CLANG_WARN_DIRECT_OBJC_ISA_USAGE = YES_ERROR;
				CLANG_WARN_DOCUMENTATION_COMMENTS = YES;
				CLANG_WARN_OBJC_ROOT_CLASS = YES_ERROR;
				CLANG_WARN_UNGUARDED_AVAILABILITY = YES_AGGRESSIVE;
				CODE_SIGN_IDENTITY = "iPhone Developer";
				CODE_SIGN_STYLE = Manual;
				COPY_PHASE_STRIP = NO;
				DEBUG_INFORMATION_FORMAT = "dwarf-with-dsym";
				DEVELOPMENT_TEAM = "";
				ENABLE_NS_ASSERTIONS = NO;
				GCC_C_LANGUAGE_STANDARD = gnu11;
				GCC_WARN_ABOUT_RETURN_TYPE = YES_ERROR;
				GCC_WARN_UNINITIALIZED_AUTOS = YES_AGGRESSIVE;
				INFOPLIST_FILE = chaining_test/Info.plist;
				IPHONEOS_DEPLOYMENT_TARGET = 12.0;
				LD_RUNPATH_SEARCH_PATHS = (
					"$(inherited)",
					"@executable_path/Frameworks",
					"@loader_path/Frameworks",
				);
				MTL_ENABLE_DEBUG_INFO = NO;
				MTL_FAST_MATH = YES;
				PRODUCT_BUNDLE_IDENTIFIER = "jp.objective-audio.chaining-test-ios";
				PRODUCT_NAME = "$(TARGET_NAME)";
				PROVISIONING_PROFILE_SPECIFIER = "";
				SDKROOT = iphoneos;
				TARGETED_DEVICE_FAMILY = "1,2";
				VALIDATE_PRODUCT = YES;
			};
			name = Release;
		};
/* End XCBuildConfiguration section */

/* Begin XCConfigurationList section */
		B608F03521193EF9000A17BD /* Build configuration list for PBXProject "chaining_test" */ = {
			isa = XCConfigurationList;
			buildConfigurations = (
				B608F03621193EF9000A17BD /* Debug */,
				B608F03721193EF9000A17BD /* Release */,
			);
			defaultConfigurationIsVisible = 0;
			defaultConfigurationName = Release;
		};
		B608F0B0211940A0000A17BD /* Build configuration list for PBXNativeTarget "chaining_test_mac" */ = {
			isa = XCConfigurationList;
			buildConfigurations = (
				B608F0B1211940A0000A17BD /* Debug */,
				B608F0B2211940A0000A17BD /* Release */,
			);
			defaultConfigurationIsVisible = 0;
			defaultConfigurationName = Release;
		};
		B652391A21DC5CA00035E7E2 /* Build configuration list for PBXNativeTarget "chaining_test_ios" */ = {
			isa = XCConfigurationList;
			buildConfigurations = (
				B652391821DC5CA00035E7E2 /* Debug */,
				B652391921DC5CA00035E7E2 /* Release */,
			);
			defaultConfigurationIsVisible = 0;
			defaultConfigurationName = Release;
		};
/* End XCConfigurationList section */
	};
	rootObject = B608F03221193EF9000A17BD /* Project object */;
}
